
Microsoft Visual Studio Solution File, Format Version 12.00
# Visual Studio Version 16
VisualStudioVersion = 16.0.28803.202
MinimumVisualStudioVersion = 10.0.40219.1
Project("{FAE04EC0-301F-11D3-BF4B-00C04F79EFBC}") = "projeto", "projeto\projeto.csproj", "{7700C23D-0DCB-4BBD-8C74-682232180156}"
EndProject
Global
	GlobalSection(SolutionConfigurationPlatforms) = preSolution
		Debug|Any CPU = Debug|Any CPU
		Release|Any CPU = Release|Any CPU
	EndGlobalSection
	GlobalSection(ProjectConfigurationPlatforms) = postSolution
		{7700C23D-0DCB-4BBD-8C74-682232180156}.Debug|Any CPU.ActiveCfg = Debug|Any CPU
		{7700C23D-0DCB-4BBD-8C74-682232180156}.Debug|Any CPU.Build.0 = Debug|Any CPU
		{7700C23D-0DCB-4BBD-8C74-682232180156}.Release|Any CPU.ActiveCfg = Release|Any CPU
		{7700C23D-0DCB-4BBD-8C74-682232180156}.Release|Any CPU.Build.0 = Release|Any CPU
	EndGlobalSection
	GlobalSection(SolutionProperties) = preSolution
		HideSolutionNode = FALSE
	EndGlobalSection
	GlobalSection(ExtensibilityGlobals) = postSolution
		SolutionGuid = {4C72D666-136F-488C-AADC-B77C16D3E051}
	EndGlobalSection
EndGlobal
